
Microsoft Visual Studio Solution File, Format Version 12.00
# Visual Studio Version 16
VisualStudioVersion = 16.0.31402.337
MinimumVisualStudioVersion = 10.0.40219.1
Project("{8BC9CEB8-8B4A-11D0-8D11-00A0C91BC942}") = "2021-06-10-A_Encryption", "2021-06-10-A_Encryption\2021-06-10-A_Encryption.vcxproj", "{1DE06535-322E-411E-A56F-855617DFF310}"
EndProject
Project("{8BC9CEB8-8B4A-11D0-8D11-00A0C91BC942}") = "2021-06-10-Semester_Project", "2021-06-10-Semester_Project\2021-06-10-Semester_Project.vcxproj", "{C4569754-1B2C-41C1-BB81-3E1F845A6FF8}"
EndProject
Project("{8BC9CEB8-8B4A-11D0-8D11-00A0C91BC942}") = "2021-05-20-A_Exercise", "2021-05-20-A_Exercise\2021-05-20-A_Exercise.vcxproj", "{3FCE7755-06C6-4F0B-AF09-AC66603681BC}"
EndProject
Project("{8BC9CEB8-8B4A-11D0-8D11-00A0C91BC942}") = "2021-05-20-B_Exercise", "2021-05-20-B_Exercise\2021-05-20-B_Exercise.vcxproj", "{4783F9DC-39A1-4ADB-86DD-EF1F1FEEAA21}"
EndProject
Project("{8BC9CEB8-8B4A-11D0-8D11-00A0C91BC942}") = "2021-05-20-C_Theory_Example", "2021-05-20-C_Theory_Example\2021-05-20-C_Theory_Example.vcxproj", "{9BD14F3E-DD40-4C14-81B7-2326A841552C}"
EndProject
Project("{8BC9CEB8-8B4A-11D0-8D11-00A0C91BC942}") = "2021-05-27-A_Intro_example_of_game_", "2021-05-27-A_Intro_example_of_game_\2021-05-27-A_Intro_example_of_game_.vcxproj", "{7B0F0840-415F-417C-B4FF-7F0F88ED7BE3}"
EndProject
Project("{8BC9CEB8-8B4A-11D0-8D11-00A0C91BC942}") = "2021-05-27-B_Exercise", "2021-05-27-B_Exercise\2021-05-27-B_Exercise.vcxproj", "{276A4E1D-0D6E-4153-B130-E82E01E6FFAF}"
EndProject
Project("{8BC9CEB8-8B4A-11D0-8D11-00A0C91BC942}") = "2021-05-27-C_Exercise", "2021-05-27-C_Exercise\2021-05-27-C_Exercise.vcxproj", "{FCEC416B-2FAB-4AF9-ADBE-FE41F43FD3D0}"
EndProject
Project("{8BC9CEB8-8B4A-11D0-8D11-00A0C91BC942}") = "2021-06-03-A_Exercise", "2021-06-03-A_Exercise\2021-06-03-A_Exercise.vcxproj", "{B6211F7F-E680-4E3D-BBC1-FF0DDEE1BA6F}"
EndProject
Project("{8BC9CEB8-8B4A-11D0-8D11-00A0C91BC942}") = "2021-06-03-B_Exercise", "2021-06-03-B_Exercise\2021-06-03-B_Exercise.vcxproj", "{FD82155B-50CF-4F8D-8F3A-AE52E3A59AA3}"
EndProject
Project("{8BC9CEB8-8B4A-11D0-8D11-00A0C91BC942}") = "2021-06-03-B_Exercise_BY_PROF_WayA", "2021-06-03-B_Exercise_BY_PROF_WayA\2021-06-03-B_Exercise_BY_PROF_WayA.vcxproj", "{19A9EA69-94D9-479B-BD2B-FF4B0755962F}"
EndProject
Project("{8BC9CEB8-8B4A-11D0-8D11-00A0C91BC942}") = "2021-06-03-C_Rand", "2021-06-03-C_Rand\2021-06-03-C_Rand.vcxproj", "{B363CAAF-CFBE-49E7-8F36-E661C35E6448}"
EndProject
Project("{8BC9CEB8-8B4A-11D0-8D11-00A0C91BC942}") = "2021-06-03-B_Exercise_BY_PROF_WayB", "2021-06-03-B_Exercise_BY_PROF_WayB\2021-06-03-B_Exercise_BY_PROF_WayB.vcxproj", "{71033765-00F1-43EB-80FF-83CC2FB0C6C2}"
EndProject
Project("{8BC9CEB8-8B4A-11D0-8D11-00A0C91BC942}") = "2021-06-03-D_Theory_NEW", "2021-06-03-D_Theory_NEW\2021-06-03-D_Theory_NEW.vcxproj", "{E696AB32-CCEE-4720-BE90-29DE83614995}"
EndProject
Project("{8BC9CEB8-8B4A-11D0-8D11-00A0C91BC942}") = "2021-06-10-B_Encryption_int", "2021-06-10-B_Encryption\2021-06-10-B_Encryption.vcxproj", "{5842314F-1167-4D33-B470-2DAABCED4B98}"
EndProject
Project("{8BC9CEB8-8B4A-11D0-8D11-00A0C91BC942}") = "2021-06-10-C_Exercise_functions", "2021-06-10-C_Encryption\2021-06-10-C_Encryption.vcxproj", "{9A555067-0765-4CA3-B0AC-A71954486D4B}"
EndProject
Project("{8BC9CEB8-8B4A-11D0-8D11-00A0C91BC942}") = "2021-06-10-B_Encryption_string", "2021-06-10-B_Encryption_string\2021-06-10-B_Encryption_string.vcxproj", "{79935862-D8C9-4CD5-BA83-9EFE85948A81}"
EndProject
Project("{8BC9CEB8-8B4A-11D0-8D11-00A0C91BC942}") = "2021-06-17-File_Handling_Test", "2021-06-17-File_Handling_Test\2021-06-17-File_Handling_Test.vcxproj", "{CE2CA8ED-A33A-45F0-9AFB-24C73EF1F8BF}"
EndProject
Global
	GlobalSection(SolutionConfigurationPlatforms) = preSolution
		Debug|x64 = Debug|x64
		Debug|x86 = Debug|x86
		Release|x64 = Release|x64
		Release|x86 = Release|x86
	EndGlobalSection
	GlobalSection(ProjectConfigurationPlatforms) = postSolution
		{1DE06535-322E-411E-A56F-855617DFF310}.Debug|x64.ActiveCfg = Debug|x64
		{1DE06535-322E-411E-A56F-855617DFF310}.Debug|x64.Build.0 = Debug|x64
		{1DE06535-322E-411E-A56F-855617DFF310}.Debug|x86.ActiveCfg = Debug|Win32
		{1DE06535-322E-411E-A56F-855617DFF310}.Debug|x86.Build.0 = Debug|Win32
		{1DE06535-322E-411E-A56F-855617DFF310}.Release|x64.ActiveCfg = Release|x64
		{1DE06535-322E-411E-A56F-855617DFF310}.Release|x64.Build.0 = Release|x64
		{1DE06535-322E-411E-A56F-855617DFF310}.Release|x86.ActiveCfg = Release|Win32
		{1DE06535-322E-411E-A56F-855617DFF310}.Release|x86.Build.0 = Release|Win32
		{C4569754-1B2C-41C1-BB81-3E1F845A6FF8}.Debug|x64.ActiveCfg = Debug|x64
		{C4569754-1B2C-41C1-BB81-3E1F845A6FF8}.Debug|x64.Build.0 = Debug|x64
		{C4569754-1B2C-41C1-BB81-3E1F845A6FF8}.Debug|x86.ActiveCfg = Debug|Win32
		{C4569754-1B2C-41C1-BB81-3E1F845A6FF8}.Debug|x86.Build.0 = Debug|Win32
		{C4569754-1B2C-41C1-BB81-3E1F845A6FF8}.Release|x64.ActiveCfg = Release|x64
		{C4569754-1B2C-41C1-BB81-3E1F845A6FF8}.Release|x64.Build.0 = Release|x64
		{C4569754-1B2C-41C1-BB81-3E1F845A6FF8}.Release|x86.ActiveCfg = Release|Win32
		{C4569754-1B2C-41C1-BB81-3E1F845A6FF8}.Release|x86.Build.0 = Release|Win32
		{3FCE7755-06C6-4F0B-AF09-AC66603681BC}.Debug|x64.ActiveCfg = Debug|x64
		{3FCE7755-06C6-4F0B-AF09-AC66603681BC}.Debug|x64.Build.0 = Debug|x64
		{3FCE7755-06C6-4F0B-AF09-AC66603681BC}.Debug|x86.ActiveCfg = Debug|Win32
		{3FCE7755-06C6-4F0B-AF09-AC66603681BC}.Debug|x86.Build.0 = Debug|Win32
		{3FCE7755-06C6-4F0B-AF09-AC66603681BC}.Release|x64.ActiveCfg = Release|x64
		{3FCE7755-06C6-4F0B-AF09-AC66603681BC}.Release|x64.Build.0 = Release|x64
		{3FCE7755-06C6-4F0B-AF09-AC66603681BC}.Release|x86.ActiveCfg = Release|Win32
		{3FCE7755-06C6-4F0B-AF09-AC66603681BC}.Release|x86.Build.0 = Release|Win32
		{4783F9DC-39A1-4ADB-86DD-EF1F1FEEAA21}.Debug|x64.ActiveCfg = Debug|x64
		{4783F9DC-39A1-4ADB-86DD-EF1F1FEEAA21}.Debug|x64.Build.0 = Debug|x64
		{4783F9DC-39A1-4ADB-86DD-EF1F1FEEAA21}.Debug|x86.ActiveCfg = Debug|Win32
		{4783F9DC-39A1-4ADB-86DD-EF1F1FEEAA21}.Debug|x86.Build.0 = Debug|Win32
		{4783F9DC-39A1-4ADB-86DD-EF1F1FEEAA21}.Release|x64.ActiveCfg = Release|x64
		{4783F9DC-39A1-4ADB-86DD-EF1F1FEEAA21}.Release|x64.Build.0 = Release|x64
		{4783F9DC-39A1-4ADB-86DD-EF1F1FEEAA21}.Release|x86.ActiveCfg = Release|Win32
		{4783F9DC-39A1-4ADB-86DD-EF1F1FEEAA21}.Release|x86.Build.0 = Release|Win32
		{9BD14F3E-DD40-4C14-81B7-2326A841552C}.Debug|x64.ActiveCfg = Debug|x64
		{9BD14F3E-DD40-4C14-81B7-2326A841552C}.Debug|x64.Build.0 = Debug|x64
		{9BD14F3E-DD40-4C14-81B7-2326A841552C}.Debug|x86.ActiveCfg = Debug|Win32
		{9BD14F3E-DD40-4C14-81B7-2326A841552C}.Debug|x86.Build.0 = Debug|Win32
		{9BD14F3E-DD40-4C14-81B7-2326A841552C}.Release|x64.ActiveCfg = Release|x64
		{9BD14F3E-DD40-4C14-81B7-2326A841552C}.Release|x64.Build.0 = Release|x64
		{9BD14F3E-DD40-4C14-81B7-2326A841552C}.Release|x86.ActiveCfg = Release|Win32
		{9BD14F3E-DD40-4C14-81B7-2326A841552C}.Release|x86.Build.0 = Release|Win32
		{7B0F0840-415F-417C-B4FF-7F0F88ED7BE3}.Debug|x64.ActiveCfg = Debug|x64
		{7B0F0840-415F-417C-B4FF-7F0F88ED7BE3}.Debug|x64.Build.0 = Debug|x64
		{7B0F0840-415F-417C-B4FF-7F0F88ED7BE3}.Debug|x86.ActiveCfg = Debug|Win32
		{7B0F0840-415F-417C-B4FF-7F0F88ED7BE3}.Debug|x86.Build.0 = Debug|Win32
		{7B0F0840-415F-417C-B4FF-7F0F88ED7BE3}.Release|x64.ActiveCfg = Release|x64
		{7B0F0840-415F-417C-B4FF-7F0F88ED7BE3}.Release|x64.Build.0 = Release|x64
		{7B0F0840-415F-417C-B4FF-7F0F88ED7BE3}.Release|x86.ActiveCfg = Release|Win32
		{7B0F0840-415F-417C-B4FF-7F0F88ED7BE3}.Release|x86.Build.0 = Release|Win32
		{276A4E1D-0D6E-4153-B130-E82E01E6FFAF}.Debug|x64.ActiveCfg = Debug|x64
		{276A4E1D-0D6E-4153-B130-E82E01E6FFAF}.Debug|x64.Build.0 = Debug|x64
		{276A4E1D-0D6E-4153-B130-E82E01E6FFAF}.Debug|x86.ActiveCfg = Debug|Win32
		{276A4E1D-0D6E-4153-B130-E82E01E6FFAF}.Debug|x86.Build.0 = Debug|Win32
		{276A4E1D-0D6E-4153-B130-E82E01E6FFAF}.Release|x64.ActiveCfg = Release|x64
		{276A4E1D-0D6E-4153-B130-E82E01E6FFAF}.Release|x64.Build.0 = Release|x64
		{276A4E1D-0D6E-4153-B130-E82E01E6FFAF}.Release|x86.ActiveCfg = Release|Win32
		{276A4E1D-0D6E-4153-B130-E82E01E6FFAF}.Release|x86.Build.0 = Release|Win32
		{FCEC416B-2FAB-4AF9-ADBE-FE41F43FD3D0}.Debug|x64.ActiveCfg = Debug|x64
		{FCEC416B-2FAB-4AF9-ADBE-FE41F43FD3D0}.Debug|x64.Build.0 = Debug|x64
		{FCEC416B-2FAB-4AF9-ADBE-FE41F43FD3D0}.Debug|x86.ActiveCfg = Debug|Win32
		{FCEC416B-2FAB-4AF9-ADBE-FE41F43FD3D0}.Debug|x86.Build.0 = Debug|Win32
		{FCEC416B-2FAB-4AF9-ADBE-FE41F43FD3D0}.Release|x64.ActiveCfg = Release|x64
		{FCEC416B-2FAB-4AF9-ADBE-FE41F43FD3D0}.Release|x64.Build.0 = Release|x64
		{FCEC416B-2FAB-4AF9-ADBE-FE41F43FD3D0}.Release|x86.ActiveCfg = Release|Win32
		{FCEC416B-2FAB-4AF9-ADBE-FE41F43FD3D0}.Release|x86.Build.0 = Release|Win32
		{B6211F7F-E680-4E3D-BBC1-FF0DDEE1BA6F}.Debug|x64.ActiveCfg = Debug|x64
		{B6211F7F-E680-4E3D-BBC1-FF0DDEE1BA6F}.Debug|x64.Build.0 = Debug|x64
		{B6211F7F-E680-4E3D-BBC1-FF0DDEE1BA6F}.Debug|x86.ActiveCfg = Debug|Win32
		{B6211F7F-E680-4E3D-BBC1-FF0DDEE1BA6F}.Debug|x86.Build.0 = Debug|Win32
		{B6211F7F-E680-4E3D-BBC1-FF0DDEE1BA6F}.Release|x64.ActiveCfg = Release|x64
		{B6211F7F-E680-4E3D-BBC1-FF0DDEE1BA6F}.Release|x64.Build.0 = Release|x64
		{B6211F7F-E680-4E3D-BBC1-FF0DDEE1BA6F}.Release|x86.ActiveCfg = Release|Win32
		{B6211F7F-E680-4E3D-BBC1-FF0DDEE1BA6F}.Release|x86.Build.0 = Release|Win32
		{FD82155B-50CF-4F8D-8F3A-AE52E3A59AA3}.Debug|x64.ActiveCfg = Debug|x64
		{FD82155B-50CF-4F8D-8F3A-AE52E3A59AA3}.Debug|x64.Build.0 = Debug|x64
		{FD82155B-50CF-4F8D-8F3A-AE52E3A59AA3}.Debug|x86.ActiveCfg = Debug|Win32
		{FD82155B-50CF-4F8D-8F3A-AE52E3A59AA3}.Debug|x86.Build.0 = Debug|Win32
		{FD82155B-50CF-4F8D-8F3A-AE52E3A59AA3}.Release|x64.ActiveCfg = Release|x64
		{FD82155B-50CF-4F8D-8F3A-AE52E3A59AA3}.Release|x64.Build.0 = Release|x64
		{FD82155B-50CF-4F8D-8F3A-AE52E3A59AA3}.Release|x86.ActiveCfg = Release|Win32
		{FD82155B-50CF-4F8D-8F3A-AE52E3A59AA3}.Release|x86.Build.0 = Release|Win32
		{19A9EA69-94D9-479B-BD2B-FF4B0755962F}.Debug|x64.ActiveCfg = Debug|x64
		{19A9EA69-94D9-479B-BD2B-FF4B0755962F}.Debug|x64.Build.0 = Debug|x64
		{19A9EA69-94D9-479B-BD2B-FF4B0755962F}.Debug|x86.ActiveCfg = Debug|Win32
		{19A9EA69-94D9-479B-BD2B-FF4B0755962F}.Debug|x86.Build.0 = Debug|Win32
		{19A9EA69-94D9-479B-BD2B-FF4B0755962F}.Release|x64.ActiveCfg = Release|x64
		{19A9EA69-94D9-479B-BD2B-FF4B0755962F}.Release|x64.Build.0 = Release|x64
		{19A9EA69-94D9-479B-BD2B-FF4B0755962F}.Release|x86.ActiveCfg = Release|Win32
		{19A9EA69-94D9-479B-BD2B-FF4B0755962F}.Release|x86.Build.0 = Release|Win32
		{B363CAAF-CFBE-49E7-8F36-E661C35E6448}.Debug|x64.ActiveCfg = Debug|x64
		{B363CAAF-CFBE-49E7-8F36-E661C35E6448}.Debug|x64.Build.0 = Debug|x64
		{B363CAAF-CFBE-49E7-8F36-E661C35E6448}.Debug|x86.ActiveCfg = Debug|Win32
		{B363CAAF-CFBE-49E7-8F36-E661C35E6448}.Debug|x86.Build.0 = Debug|Win32
		{B363CAAF-CFBE-49E7-8F36-E661C35E6448}.Release|x64.ActiveCfg = Release|x64
		{B363CAAF-CFBE-49E7-8F36-E661C35E6448}.Release|x64.Build.0 = Release|x64
		{B363CAAF-CFBE-49E7-8F36-E661C35E6448}.Release|x86.ActiveCfg = Release|Win32
		{B363CAAF-CFBE-49E7-8F36-E661C35E6448}.Release|x86.Build.0 = Release|Win32
		{71033765-00F1-43EB-80FF-83CC2FB0C6C2}.Debug|x64.ActiveCfg = Debug|x64
		{71033765-00F1-43EB-80FF-83CC2FB0C6C2}.Debug|x64.Build.0 = Debug|x64
		{71033765-00F1-43EB-80FF-83CC2FB0C6C2}.Debug|x86.ActiveCfg = Debug|Win32
		{71033765-00F1-43EB-80FF-83CC2FB0C6C2}.Debug|x86.Build.0 = Debug|Win32
		{71033765-00F1-43EB-80FF-83CC2FB0C6C2}.Release|x64.ActiveCfg = Release|x64
		{71033765-00F1-43EB-80FF-83CC2FB0C6C2}.Release|x64.Build.0 = Release|x64
		{71033765-00F1-43EB-80FF-83CC2FB0C6C2}.Release|x86.ActiveCfg = Release|Win32
		{71033765-00F1-43EB-80FF-83CC2FB0C6C2}.Release|x86.Build.0 = Release|Win32
		{E696AB32-CCEE-4720-BE90-29DE83614995}.Debug|x64.ActiveCfg = Debug|x64
		{E696AB32-CCEE-4720-BE90-29DE83614995}.Debug|x64.Build.0 = Debug|x64
		{E696AB32-CCEE-4720-BE90-29DE83614995}.Debug|x86.ActiveCfg = Debug|Win32
		{E696AB32-CCEE-4720-BE90-29DE83614995}.Debug|x86.Build.0 = Debug|Win32
		{E696AB32-CCEE-4720-BE90-29DE83614995}.Release|x64.ActiveCfg = Release|x64
		{E696AB32-CCEE-4720-BE90-29DE83614995}.Release|x64.Build.0 = Release|x64
		{E696AB32-CCEE-4720-BE90-29DE83614995}.Release|x86.ActiveCfg = Release|Win32
		{E696AB32-CCEE-4720-BE90-29DE83614995}.Release|x86.Build.0 = Release|Win32
		{5842314F-1167-4D33-B470-2DAABCED4B98}.Debug|x64.ActiveCfg = Debug|x64
		{5842314F-1167-4D33-B470-2DAABCED4B98}.Debug|x64.Build.0 = Debug|x64
		{5842314F-1167-4D33-B470-2DAABCED4B98}.Debug|x86.ActiveCfg = Debug|Win32
		{5842314F-1167-4D33-B470-2DAABCED4B98}.Debug|x86.Build.0 = Debug|Win32
		{5842314F-1167-4D33-B470-2DAABCED4B98}.Release|x64.ActiveCfg = Release|x64
		{5842314F-1167-4D33-B470-2DAABCED4B98}.Release|x64.Build.0 = Release|x64
		{5842314F-1167-4D33-B470-2DAABCED4B98}.Release|x86.ActiveCfg = Release|Win32
		{5842314F-1167-4D33-B470-2DAABCED4B98}.Release|x86.Build.0 = Release|Win32
		{9A555067-0765-4CA3-B0AC-A71954486D4B}.Debug|x64.ActiveCfg = Debug|x64
		{9A555067-0765-4CA3-B0AC-A71954486D4B}.Debug|x64.Build.0 = Debug|x64
		{9A555067-0765-4CA3-B0AC-A71954486D4B}.Debug|x86.ActiveCfg = Debug|Win32
		{9A555067-0765-4CA3-B0AC-A71954486D4B}.Debug|x86.Build.0 = Debug|Win32
		{9A555067-0765-4CA3-B0AC-A71954486D4B}.Release|x64.ActiveCfg = Release|x64
		{9A555067-0765-4CA3-B0AC-A71954486D4B}.Release|x64.Build.0 = Release|x64
		{9A555067-0765-4CA3-B0AC-A71954486D4B}.Release|x86.ActiveCfg = Release|Win32
		{9A555067-0765-4CA3-B0AC-A71954486D4B}.Release|x86.Build.0 = Release|Win32
		{79935862-D8C9-4CD5-BA83-9EFE85948A81}.Debug|x64.ActiveCfg = Debug|x64
		{79935862-D8C9-4CD5-BA83-9EFE85948A81}.Debug|x64.Build.0 = Debug|x64
		{79935862-D8C9-4CD5-BA83-9EFE85948A81}.Debug|x86.ActiveCfg = Debug|Win32
		{79935862-D8C9-4CD5-BA83-9EFE85948A81}.Debug|x86.Build.0 = Debug|Win32
		{79935862-D8C9-4CD5-BA83-9EFE85948A81}.Release|x64.ActiveCfg = Release|x64
		{79935862-D8C9-4CD5-BA83-9EFE85948A81}.Release|x64.Build.0 = Release|x64
		{79935862-D8C9-4CD5-BA83-9EFE85948A81}.Release|x86.ActiveCfg = Release|Win32
		{79935862-D8C9-4CD5-BA83-9EFE85948A81}.Release|x86.Build.0 = Release|Win32
		{CE2CA8ED-A33A-45F0-9AFB-24C73EF1F8BF}.Debug|x64.ActiveCfg = Debug|x64
		{CE2CA8ED-A33A-45F0-9AFB-24C73EF1F8BF}.Debug|x64.Build.0 = Debug|x64
		{CE2CA8ED-A33A-45F0-9AFB-24C73EF1F8BF}.Debug|x86.ActiveCfg = Debug|Win32
		{CE2CA8ED-A33A-45F0-9AFB-24C73EF1F8BF}.Debug|x86.Build.0 = Debug|Win32
		{CE2CA8ED-A33A-45F0-9AFB-24C73EF1F8BF}.Release|x64.ActiveCfg = Release|x64
		{CE2CA8ED-A33A-45F0-9AFB-24C73EF1F8BF}.Release|x64.Build.0 = Release|x64
		{CE2CA8ED-A33A-45F0-9AFB-24C73EF1F8BF}.Release|x86.ActiveCfg = Release|Win32
		{CE2CA8ED-A33A-45F0-9AFB-24C73EF1F8BF}.Release|x86.Build.0 = Release|Win32
	EndGlobalSection
	GlobalSection(SolutionProperties) = preSolution
		HideSolutionNode = FALSE
	EndGlobalSection
	GlobalSection(ExtensibilityGlobals) = postSolution
		SolutionGuid = {4D660511-2DCF-499D-BAFC-D997E8B68CC9}
	EndGlobalSection
EndGlobal
