<?xml version="1.0" encoding="utf-8"?>
<Project ToolsVersion="4.0" xmlns="http://schemas.microsoft.com/developer/msbuild/2003">
  <ItemGroup>
    <Filter Include="Source Files">
      <UniqueIdentifier>{4FC737F1-C7A5-4376-A066-2A32D752A2FF}</UniqueIdentifier>
      <Extensions>cpp;c;cc;cxx;c++;cppm;ixx;def;odl;idl;hpj;bat;asm;asmx</Extensions>
    </Filter>
    <Filter Include="Header Files">
      <UniqueIdentifier>{93995380-89BD-4b04-88EB-625FBE52EBFB}</UniqueIdentifier>
      <Extensions>h;hh;hpp;hxx;h++;hm;inl;inc;ipp;xsd</Extensions>
    </Filter>
    <Filter Include="Resource Files">
      <UniqueIdentifier>{67DA6AB6-F800-4c08-8B7A-83BB121AAD01}</UniqueIdentifier>
      <Extensions>rc;ico;cur;bmp;dlg;rc2;rct;bin;rgs;gif;jpg;jpeg;jpe;resx;tiff;tif;png;wav;mfcribbon-ms</Extensions>
    </Filter>
  </ItemGroup>
  <ItemGroup>
    <ClCompile Include="2021-03-02_int_addition.c">
      <Filter>Source Files</Filter>
    </ClCompile>
    <ClCompile Include="2021-03-04-A_int_comparison.c">
      <Filter>Source Files</Filter>
    </ClCompile>
    <ClCompile Include="2021-05-20-A_Student_Stats.c">
      <Filter>Source Files</Filter>
    </ClCompile>
    <ClCompile Include="2021-05-20-B_Loops.c">
      <Filter>Source Files</Filter>
    </ClCompile>
    <ClCompile Include="2021-05-20-C_Arrays_Theory_example.c">
      <Filter>Source Files</Filter>
    </ClCompile>
    <ClCompile Include="2021-05-27-A_Unofficial-Example_of_game.c">
      <Filter>Source Files</Filter>
    </ClCompile>
    <ClCompile Include="2021-05-27-B_Arrays_Exercise.c">
      <Filter>Source Files</Filter>
    </ClCompile>
    <ClCompile Include="2021-05-27-C_Arrays_Exercise.c">
      <Filter>Source Files</Filter>
    </ClCompile>
    <ClCompile Include="2021-06-03-A_Multiplication_Board.c">
      <Filter>Source Files</Filter>
    </ClCompile>
    <ClCompile Include="2021-06-03-B_Arrays_exercise_IMPORTANT.c">
      <Filter>Source Files</Filter>
    </ClCompile>
    <ClCompile Include="2021-06-03-B_Arrrays_BY_PROF_WayA.c">
      <Filter>Source Files</Filter>
    </ClCompile>
    <ClCompile Include="2021-06-03-B_Arrrays_BY_PROF_WayB.c">
      <Filter>Source Files</Filter>
    </ClCompile>
    <ClCompile Include="2021-06-03-C_Rand.c">
      <Filter>Source Files</Filter>
    </ClCompile>
    <ClCompile Include="2021-06-03-D_Exercise.c">
      <Filter>Source Files</Filter>
    </ClCompile>
    <ClCompile Include="2021-06-10-A_Encryption.c">
      <Filter>Source Files</Filter>
    </ClCompile>
    <ClCompile Include="2021-06-10-B_Encryption_int.c">
      <Filter>Source Files</Filter>
    </ClCompile>
  </ItemGroup>
  <ItemGroup>
    <ClInclude Include="2021-06-03-B_AExercise_Instructions.h">
      <Filter>Source Files</Filter>
    </ClInclude>
  </ItemGroup>
</Project>